// !$*UTF8*$!
{
	archiveVersion = 1;
	classes = {
	};
	objectVersion = 50;
	objects = {

/* Begin PBXBuildFile section */
		701A2AC025FD2AF7000C552C /* TelegramUIApp.swift in Sources */ = {isa = PBXBuildFile; fileRef = 701A2ABF25FD2AF7000C552C /* TelegramUIApp.swift */; };
		701A2AC225FD2AF7000C552C /* ContentView.swift in Sources */ = {isa = PBXBuildFile; fileRef = 701A2AC125FD2AF7000C552C /* ContentView.swift */; };
		701A2AC425FD2AF8000C552C /* Assets.xcassets in Resources */ = {isa = PBXBuildFile; fileRef = 701A2AC325FD2AF8000C552C /* Assets.xcassets */; };
		701A2AC725FD2AF8000C552C /* Preview Assets.xcassets in Resources */ = {isa = PBXBuildFile; fileRef = 701A2AC625FD2AF8000C552C /* Preview Assets.xcassets */; };
		701A2AD825FD2D6A000C552C /* SettingsView.swift in Sources */ = {isa = PBXBuildFile; fileRef = 701A2AD725FD2D6A000C552C /* SettingsView.swift */; };
		701A2ADC25FD2E48000C552C /* ContactsView.swift in Sources */ = {isa = PBXBuildFile; fileRef = 701A2ADB25FD2E48000C552C /* ContactsView.swift */; };
		701A2ADF25FD30FD000C552C /* RowView.swift in Sources */ = {isa = PBXBuildFile; fileRef = 701A2ADE25FD30FD000C552C /* RowView.swift */; };
		70838F7325FE822200DE0D91 /* NewMessage.swift in Sources */ = {isa = PBXBuildFile; fileRef = 70838F7225FE822200DE0D91 /* NewMessage.swift */; };
		70838F8325FE97AF00DE0D91 /* Contact.swift in Sources */ = {isa = PBXBuildFile; fileRef = 70838F8225FE97AF00DE0D91 /* Contact.swift */; };
/* End PBXBuildFile section */

/* Begin PBXFileReference section */
		701A2ABC25FD2AF7000C552C /* TelegramUI.app */ = {isa = PBXFileReference; explicitFileType = wrapper.application; includeInIndex = 0; path = TelegramUI.app; sourceTree = BUILT_PRODUCTS_DIR; };
		701A2ABF25FD2AF7000C552C /* TelegramUIApp.swift */ = {isa = PBXFileReference; lastKnownFileType = sourcecode.swift; path = TelegramUIApp.swift; sourceTree = "<group>"; };
		701A2AC125FD2AF7000C552C /* ContentView.swift */ = {isa = PBXFileReference; lastKnownFileType = sourcecode.swift; path = ContentView.swift; sourceTree = "<group>"; };
		701A2AC325FD2AF8000C552C /* Assets.xcassets */ = {isa = PBXFileReference; lastKnownFileType = folder.assetcatalog; path = Assets.xcassets; sourceTree = "<group>"; };
		701A2AC625FD2AF8000C552C /* Preview Assets.xcassets */ = {isa = PBXFileReference; lastKnownFileType = folder.assetcatalog; path = "Preview Assets.xcassets"; sourceTree = "<group>"; };
		701A2AC825FD2AF8000C552C /* Info.plist */ = {isa = PBXFileReference; lastKnownFileType = text.plist.xml; path = Info.plist; sourceTree = "<group>"; };
		701A2AD725FD2D6A000C552C /* SettingsView.swift */ = {isa = PBXFileReference; lastKnownFileType = sourcecode.swift; path = SettingsView.swift; sourceTree = "<group>"; };
		701A2ADB25FD2E48000C552C /* ContactsView.swift */ = {isa = PBXFileReference; lastKnownFileType = sourcecode.swift; path = ContactsView.swift; sourceTree = "<group>"; };
		701A2ADE25FD30FD000C552C /* RowView.swift */ = {isa = PBXFileReference; lastKnownFileType = sourcecode.swift; path = RowView.swift; sourceTree = "<group>"; };
		70838F7225FE822200DE0D91 /* NewMessage.swift */ = {isa = PBXFileReference; lastKnownFileType = sourcecode.swift; path = NewMessage.swift; sourceTree = "<group>"; };
		70838F8225FE97AF00DE0D91 /* Contact.swift */ = {isa = PBXFileReference; lastKnownFileType = sourcecode.swift; path = Contact.swift; sourceTree = "<group>"; };
/* End PBXFileReference section */

/* Begin PBXFrameworksBuildPhase section */
		701A2AB925FD2AF7000C552C /* Frameworks */ = {
			isa = PBXFrameworksBuildPhase;
			buildActionMask = 2147483647;
			files = (
			);
			runOnlyForDeploymentPostprocessing = 0;
		};
/* End PBXFrameworksBuildPhase section */

/* Begin PBXGroup section */
		701A2AB325FD2AF7000C552C = {
			isa = PBXGroup;
			children = (
				701A2ABE25FD2AF7000C552C /* TelegramUI */,
				701A2ABD25FD2AF7000C552C /* Products */,
			);
			sourceTree = "<group>";
		};
		701A2ABD25FD2AF7000C552C /* Products */ = {
			isa = PBXGroup;
			children = (
				701A2ABC25FD2AF7000C552C /* TelegramUI.app */,
			);
			name = Products;
			sourceTree = "<group>";
		};
		701A2ABE25FD2AF7000C552C /* TelegramUI */ = {
			isa = PBXGroup;
			children = (
				70838F8525FE97B600DE0D91 /* Utils */,
				701A2AD025FD2C49000C552C /* Application */,
				701A2ACF25FD2C3F000C552C /* View */,
				701A2AC325FD2AF8000C552C /* Assets.xcassets */,
				701A2AC825FD2AF8000C552C /* Info.plist */,
				701A2AC525FD2AF8000C552C /* Preview Content */,
			);
			path = TelegramUI;
			sourceTree = "<group>";
		};
		701A2AC525FD2AF8000C552C /* Preview Content */ = {
			isa = PBXGroup;
			children = (
				701A2AC625FD2AF8000C552C /* Preview Assets.xcassets */,
			);
			path = "Preview Content";
			sourceTree = "<group>";
		};
		701A2ACF25FD2C3F000C552C /* View */ = {
			isa = PBXGroup;
			children = (
				701A2AC125FD2AF7000C552C /* ContentView.swift */,
				701A2AD725FD2D6A000C552C /* SettingsView.swift */,
				701A2ADB25FD2E48000C552C /* ContactsView.swift */,
				701A2ADE25FD30FD000C552C /* RowView.swift */,
				70838F7225FE822200DE0D91 /* NewMessage.swift */,
			);
			path = View;
			sourceTree = "<group>";
		};
		701A2AD025FD2C49000C552C /* Application */ = {
			isa = PBXGroup;
			children = (
				701A2ABF25FD2AF7000C552C /* TelegramUIApp.swift */,
			);
			path = Application;
			sourceTree = "<group>";
		};
		70838F8525FE97B600DE0D91 /* Utils */ = {
			isa = PBXGroup;
			children = (
				70838F8225FE97AF00DE0D91 /* Contact.swift */,
			);
			path = Utils;
			sourceTree = "<group>";
		};
/* End PBXGroup section */

/* Begin PBXNativeTarget section */
		701A2ABB25FD2AF7000C552C /* TelegramUI */ = {
			isa = PBXNativeTarget;
			buildConfigurationList = 701A2ACB25FD2AF8000C552C /* Build configuration list for PBXNativeTarget "TelegramUI" */;
			buildPhases = (
				701A2AB825FD2AF7000C552C /* Sources */,
				701A2AB925FD2AF7000C552C /* Frameworks */,
				701A2ABA25FD2AF7000C552C /* Resources */,
			);
			buildRules = (
			);
			dependencies = (
			);
			name = TelegramUI;
			productName = TelegramUI;
			productReference = 701A2ABC25FD2AF7000C552C /* TelegramUI.app */;
			productType = "com.apple.product-type.application";
		};
/* End PBXNativeTarget section */

/* Begin PBXProject section */
		701A2AB425FD2AF7000C552C /* Project object */ = {
			isa = PBXProject;
			attributes = {
				LastSwiftUpdateCheck = 1240;
				LastUpgradeCheck = 1240;
				TargetAttributes = {
					701A2ABB25FD2AF7000C552C = {
						CreatedOnToolsVersion = 12.4;
					};
				};
			};
			buildConfigurationList = 701A2AB725FD2AF7000C552C /* Build configuration list for PBXProject "TelegramUI" */;
			compatibilityVersion = "Xcode 9.3";
			developmentRegion = en;
			hasScannedForEncodings = 0;
			knownRegions = (
				en,
				Base,
			);
			mainGroup = 701A2AB325FD2AF7000C552C;
			productRefGroup = 701A2ABD25FD2AF7000C552C /* Products */;
			projectDirPath = "";
			projectRoot = "";
			targets = (
				701A2ABB25FD2AF7000C552C /* TelegramUI */,
			);
		};
/* End PBXProject section */

/* Begin PBXResourcesBuildPhase section */
		701A2ABA25FD2AF7000C552C /* Resources */ = {
			isa = PBXResourcesBuildPhase;
			buildActionMask = 2147483647;
			files = (
				701A2AC725FD2AF8000C552C /* Preview Assets.xcassets in Resources */,
				701A2AC425FD2AF8000C552C /* Assets.xcassets in Resources */,
			);
			runOnlyForDeploymentPostprocessing = 0;
		};
/* End PBXResourcesBuildPhase section */

/* Begin PBXSourcesBuildPhase section */
		701A2AB825FD2AF7000C552C /* Sources */ = {
			isa = PBXSourcesBuildPhase;
			buildActionMask = 2147483647;
			files = (
				701A2AC225FD2AF7000C552C /* ContentView.swift in Sources */,
				701A2ADF25FD30FD000C552C /* RowView.swift in Sources */,
				701A2AD825FD2D6A000C552C /* SettingsView.swift in Sources */,
				70838F7325FE822200DE0D91 /* NewMessage.swift in Sources */,
				701A2AC025FD2AF7000C552C /* TelegramUIApp.swift in Sources */,
				701A2ADC25FD2E48000C552C /* ContactsView.swift in Sources */,
				70838F8325FE97AF00DE0D91 /* Contact.swift in Sources */,
			);
			runOnlyForDeploymentPostprocessing = 0;
		};
/* End PBXSourcesBuildPhase section */

/* Begin XCBuildConfiguration section */
		701A2AC925FD2AF8000C552C /* Debug */ = {
			isa = XCBuildConfiguration;
			buildSettings = {
				ALWAYS_SEARCH_USER_PATHS = NO;
				CLANG_ANALYZER_NONNULL = YES;
				CLANG_ANALYZER_NUMBER_OBJECT_CONVERSION = YES_AGGRESSIVE;
				CLANG_CXX_LANGUAGE_STANDARD = "gnu++14";
				CLANG_CXX_LIBRARY = "libc++";
				CLANG_ENABLE_MODULES = YES;
				CLANG_ENABLE_OBJC_ARC = YES;
				CLANG_ENABLE_OBJC_WEAK = YES;
				CLANG_WARN_BLOCK_CAPTURE_AUTORELEASING = YES;
				CLANG_WARN_BOOL_CONVERSION = YES;
				CLANG_WARN_COMMA = YES;
				CLANG_WARN_CONSTANT_CONVERSION = YES;
				CLANG_WARN_DEPRECATED_OBJC_IMPLEMENTATIONS = YES;
				CLANG_WARN_DIRECT_OBJC_ISA_USAGE = YES_ERROR;
				CLANG_WARN_DOCUMENTATION_COMMENTS = YES;
				CLANG_WARN_EMPTY_BODY = YES;
				CLANG_WARN_ENUM_CONVERSION = YES;
				CLANG_WARN_INFINITE_RECURSION = YES;
				CLANG_WARN_INT_CONVERSION = YES;
				CLANG_WARN_NON_LITERAL_NULL_CONVERSION = YES;
				CLANG_WARN_OBJC_IMPLICIT_RETAIN_SELF = YES;
				CLANG_WARN_OBJC_LITERAL_CONVERSION = YES;
				CLANG_WARN_OBJC_ROOT_CLASS = YES_ERROR;
				CLANG_WARN_QUOTED_INCLUDE_IN_FRAMEWORK_HEADER = YES;
				CLANG_WARN_RANGE_LOOP_ANALYSIS = YES;
				CLANG_WARN_STRICT_PROTOTYPES = YES;
				CLANG_WARN_SUSPICIOUS_MOVE = YES;
				CLANG_WARN_UNGUARDED_AVAILABILITY = YES_AGGRESSIVE;
				CLANG_WARN_UNREACHABLE_CODE = YES;
				CLANG_WARN__DUPLICATE_METHOD_MATCH = YES;
				COPY_PHASE_STRIP = NO;
				DEBUG_INFORMATION_FORMAT = dwarf;
				ENABLE_STRICT_OBJC_MSGSEND = YES;
				ENABLE_TESTABILITY = YES;
				GCC_C_LANGUAGE_STANDARD = gnu11;
				GCC_DYNAMIC_NO_PIC = NO;
				GCC_NO_COMMON_BLOCKS = YES;
				GCC_OPTIMIZATION_LEVEL = 0;
				GCC_PREPROCESSOR_DEFINITIONS = (
					"DEBUG=1",
					"$(inherited)",
				);
				GCC_WARN_64_TO_32_BIT_CONVERSION = YES;
				GCC_WARN_ABOUT_RETURN_TYPE = YES_ERROR;
				GCC_WARN_UNDECLARED_SELECTOR = YES;
				GCC_WARN_UNINITIALIZED_AUTOS = YES_AGGRESSIVE;
				GCC_WARN_UNUSED_FUNCTION = YES;
				GCC_WARN_UNUSED_VARIABLE = YES;
				IPHONEOS_DEPLOYMENT_TARGET = 14.4;
				MTL_ENABLE_DEBUG_INFO = INCLUDE_SOURCE;
				MTL_FAST_MATH = YES;
				ONLY_ACTIVE_ARCH = YES;
				SDKROOT = iphoneos;
				SWIFT_ACTIVE_COMPILATION_CONDITIONS = DEBUG;
				SWIFT_OPTIMIZATION_LEVEL = "-Onone";
			};
			name = Debug;
		};
		701A2ACA25FD2AF8000C552C /* Release */ = {
			isa = XCBuildConfiguration;
			buildSettings = {
				ALWAYS_SEARCH_USER_PATHS = NO;
				CLANG_ANALYZER_NONNULL = YES;
				CLANG_ANALYZER_NUMBER_OBJECT_CONVERSION = YES_AGGRESSIVE;
				CLANG_CXX_LANGUAGE_STANDARD = "gnu++14";
				CLANG_CXX_LIBRARY = "libc++";
				CLANG_ENABLE_MODULES = YES;
				CLANG_ENABLE_OBJC_ARC = YES;
				CLANG_ENABLE_OBJC_WEAK = YES;
				CLANG_WARN_BLOCK_CAPTURE_AUTORELEASING = YES;
				CLANG_WARN_BOOL_CONVERSION = YES;
				CLANG_WARN_COMMA = YES;
				CLANG_WARN_CONSTANT_CONVERSION = YES;
				CLANG_WARN_DEPRECATED_OBJC_IMPLEMENTATIONS = YES;
				CLANG_WARN_DIRECT_OBJC_ISA_USAGE = YES_ERROR;
				CLANG_WARN_DOCUMENTATION_COMMENTS = YES;
				CLANG_WARN_EMPTY_BODY = YES;
				CLANG_WARN_ENUM_CONVERSION = YES;
				CLANG_WARN_INFINITE_RECURSION = YES;
				CLANG_WARN_INT_CONVERSION = YES;
				CLANG_WARN_NON_LITERAL_NULL_CONVERSION = YES;
				CLANG_WARN_OBJC_IMPLICIT_RETAIN_SELF = YES;
				CLANG_WARN_OBJC_LITERAL_CONVERSION = YES;
				CLANG_WARN_OBJC_ROOT_CLASS = YES_ERROR;
				CLANG_WARN_QUOTED_INCLUDE_IN_FRAMEWORK_HEADER = YES;
				CLANG_WARN_RANGE_LOOP_ANALYSIS = YES;
				CLANG_WARN_STRICT_PROTOTYPES = YES;
				CLANG_WARN_SUSPICIOUS_MOVE = YES;
				CLANG_WARN_UNGUARDED_AVAILABILITY = YES_AGGRESSIVE;
				CLANG_WARN_UNREACHABLE_CODE = YES;
				CLANG_WARN__DUPLICATE_METHOD_MATCH = YES;
				COPY_PHASE_STRIP = NO;
				DEBUG_INFORMATION_FORMAT = "dwarf-with-dsym";
				ENABLE_NS_ASSERTIONS = NO;
				ENABLE_STRICT_OBJC_MSGSEND = YES;
				GCC_C_LANGUAGE_STANDARD = gnu11;
				GCC_NO_COMMON_BLOCKS = YES;
				GCC_WARN_64_TO_32_BIT_CONVERSION = YES;
				GCC_WARN_ABOUT_RETURN_TYPE = YES_ERROR;
				GCC_WARN_UNDECLARED_SELECTOR = YES;
				GCC_WARN_UNINITIALIZED_AUTOS = YES_AGGRESSIVE;
				GCC_WARN_UNUSED_FUNCTION = YES;
				GCC_WARN_UNUSED_VARIABLE = YES;
				IPHONEOS_DEPLOYMENT_TARGET = 14.4;
				MTL_ENABLE_DEBUG_INFO = NO;
				MTL_FAST_MATH = YES;
				SDKROOT = iphoneos;
				SWIFT_COMPILATION_MODE = wholemodule;
				SWIFT_OPTIMIZATION_LEVEL = "-O";
				VALIDATE_PRODUCT = YES;
			};
			name = Release;
		};
		701A2ACC25FD2AF8000C552C /* Debug */ = {
			isa = XCBuildConfiguration;
			buildSettings = {
				ASSETCATALOG_COMPILER_APPICON_NAME = AppIcon;
				ASSETCATALOG_COMPILER_GLOBAL_ACCENT_COLOR_NAME = AccentColor;
				CODE_SIGN_STYLE = Automatic;
				DEVELOPMENT_ASSET_PATHS = "\"TelegramUI/Preview Content\"";
				DEVELOPMENT_TEAM = C7UJQJ2BAR;
				ENABLE_PREVIEWS = YES;
				INFOPLIST_FILE = TelegramUI/Info.plist;
				IPHONEOS_DEPLOYMENT_TARGET = 14.0;
				LD_RUNPATH_SEARCH_PATHS = (
					"$(inherited)",
					"@executable_path/Frameworks",
				);
				PRODUCT_BUNDLE_IDENTIFIER = com.furkanhanci.TelegramUI;
				PRODUCT_NAME = "$(TARGET_NAME)";
				SWIFT_VERSION = 5.0;
				TARGETED_DEVICE_FAMILY = "1,2";
			};
			name = Debug;
		};
		701A2ACD25FD2AF8000C552C /* Release */ = {
			isa = XCBuildConfiguration;
			buildSettings = {
				ASSETCATALOG_COMPILER_APPICON_NAME = AppIcon;
				ASSETCATALOG_COMPILER_GLOBAL_ACCENT_COLOR_NAME = AccentColor;
				CODE_SIGN_STYLE = Automatic;
				DEVELOPMENT_ASSET_PATHS = "\"TelegramUI/Preview Content\"";
				DEVELOPMENT_TEAM = C7UJQJ2BAR;
				ENABLE_PREVIEWS = YES;
				INFOPLIST_FILE = TelegramUI/Info.plist;
				IPHONEOS_DEPLOYMENT_TARGET = 14.0;
				LD_RUNPATH_SEARCH_PATHS = (
					"$(inherited)",
					"@executable_path/Frameworks",
				);
				PRODUCT_BUNDLE_IDENTIFIER = com.furkanhanci.TelegramUI;
				PRODUCT_NAME = "$(TARGET_NAME)";
				SWIFT_VERSION = 5.0;
				TARGETED_DEVICE_FAMILY = "1,2";
			};
			name = Release;
		};
/* End XCBuildConfiguration section */

/* Begin XCConfigurationList section */
		701A2AB725FD2AF7000C552C /* Build configuration list for PBXProject "TelegramUI" */ = {
			isa = XCConfigurationList;
			buildConfigurations = (
				701A2AC925FD2AF8000C552C /* Debug */,
				701A2ACA25FD2AF8000C552C /* Release */,
			);
			defaultConfigurationIsVisible = 0;
			defaultConfigurationName = Release;
		};
		701A2ACB25FD2AF8000C552C /* Build configuration list for PBXNativeTarget "TelegramUI" */ = {
			isa = XCConfigurationList;
			buildConfigurations = (
				701A2ACC25FD2AF8000C552C /* Debug */,
				701A2ACD25FD2AF8000C552C /* Release */,
			);
			defaultConfigurationIsVisible = 0;
			defaultConfigurationName = Release;
		};
/* End XCConfigurationList section */
	};
	rootObject = 701A2AB425FD2AF7000C552C /* Project object */;
}
